
Microsoft Visual Studio Solution File, Format Version 12.00
# Visual Studio Version 17
VisualStudioVersion = 17.13.35825.156 d17.13
MinimumVisualStudioVersion = 10.0.40219.1
Project("{FAE04EC0-301F-11D3-BF4B-00C04F79EFBC}") = "K6LoadTestDemo", "K6LoadTestDemo\K6LoadTestDemo.csproj", "{A42C4D5B-95D6-41D5-BD20-4004D001F3A3}"
EndProject
Global
	GlobalSection(SolutionConfigurationPlatforms) = preSolution
		Debug|Any CPU = Debug|Any CPU
		Release|Any CPU = Release|Any CPU
	EndGlobalSection
	GlobalSection(ProjectConfigurationPlatforms) = postSolution
		{A42C4D5B-95D6-41D5-BD20-4004D001F3A3}.Debug|Any CPU.ActiveCfg = Debug|Any CPU
		{A42C4D5B-95D6-41D5-BD20-4004D001F3A3}.Debug|Any CPU.Build.0 = Debug|Any CPU
		{A42C4D5B-95D6-41D5-BD20-4004D001F3A3}.Release|Any CPU.ActiveCfg = Release|Any CPU
		{A42C4D5B-95D6-41D5-BD20-4004D001F3A3}.Release|Any CPU.Build.0 = Release|Any CPU
	EndGlobalSection
	GlobalSection(SolutionProperties) = preSolution
		HideSolutionNode = FALSE
	EndGlobalSection
	GlobalSection(ExtensibilityGlobals) = postSolution
		SolutionGuid = {D6DB3B15-7330-43D7-A855-42460187CDE2}
	EndGlobalSection
EndGlobal
